
Microsoft Visual Studio Solution File, Format Version 12.00
# Visual Studio Version 16
VisualStudioVersion = 16.0.31613.86
MinimumVisualStudioVersion = 10.0.40219.1
Project("{9A19103F-16F7-4668-BE54-9A1E7A4F7556}") = "TestApi", "TestApi\TestApi.csproj", "{83942D83-2BA1-4490-BF5D-7356CD370B99}"
EndProject
Project("{9A19103F-16F7-4668-BE54-9A1E7A4F7556}") = "SwashBuckle.MicrosoftExtensions", "SwashBuckle.MicrosoftExtensions\SwashBuckle.MicrosoftExtensions.csproj", "{60D79569-D240-4372-BD97-4CF984AC43B6}"
EndProject
Project("{9A19103F-16F7-4668-BE54-9A1E7A4F7556}") = "Swashbuckle.MicrosoftExtensions.Tests", "Swashbuckle.MicrosoftExtensions.Tests\Swashbuckle.MicrosoftExtensions.Tests.csproj", "{7451BF97-503F-4FC9-BDE8-976912F52838}"
EndProject
Global
	GlobalSection(SolutionConfigurationPlatforms) = preSolution
		Debug|Any CPU = Debug|Any CPU
		Release|Any CPU = Release|Any CPU
	EndGlobalSection
	GlobalSection(ProjectConfigurationPlatforms) = postSolution
		{83942D83-2BA1-4490-BF5D-7356CD370B99}.Debug|Any CPU.ActiveCfg = Debug|Any CPU
		{83942D83-2BA1-4490-BF5D-7356CD370B99}.Debug|Any CPU.Build.0 = Debug|Any CPU
		{83942D83-2BA1-4490-BF5D-7356CD370B99}.Release|Any CPU.ActiveCfg = Release|Any CPU
		{83942D83-2BA1-4490-BF5D-7356CD370B99}.Release|Any CPU.Build.0 = Release|Any CPU
		{60D79569-D240-4372-BD97-4CF984AC43B6}.Debug|Any CPU.ActiveCfg = Debug|Any CPU
		{60D79569-D240-4372-BD97-4CF984AC43B6}.Debug|Any CPU.Build.0 = Debug|Any CPU
		{60D79569-D240-4372-BD97-4CF984AC43B6}.Release|Any CPU.ActiveCfg = Release|Any CPU
		{60D79569-D240-4372-BD97-4CF984AC43B6}.Release|Any CPU.Build.0 = Release|Any CPU
		{7451BF97-503F-4FC9-BDE8-976912F52838}.Debug|Any CPU.ActiveCfg = Debug|Any CPU
		{7451BF97-503F-4FC9-BDE8-976912F52838}.Debug|Any CPU.Build.0 = Debug|Any CPU
		{7451BF97-503F-4FC9-BDE8-976912F52838}.Release|Any CPU.ActiveCfg = Release|Any CPU
		{7451BF97-503F-4FC9-BDE8-976912F52838}.Release|Any CPU.Build.0 = Release|Any CPU
	EndGlobalSection
	GlobalSection(SolutionProperties) = preSolution
		HideSolutionNode = FALSE
	EndGlobalSection
	GlobalSection(ExtensibilityGlobals) = postSolution
		SolutionGuid = {7DE8E189-C9CE-45FB-833C-284EE20FBA4F}
	EndGlobalSection
EndGlobal
